
Microsoft Visual Studio Solution File, Format Version 12.00
# Visual Studio Version 17
VisualStudioVersion = 17.8.34511.84
MinimumVisualStudioVersion = 10.0.40219.1
Project("{FAE04EC0-301F-11D3-BF4B-00C04F79EFBC}") = "PokemonReviewApp", "PokemonReviewApp\PokemonReviewApp.csproj", "{1D5CCC30-BC1E-40AB-BAB3-1B312AB2B203}"
EndProject
Global
	GlobalSection(SolutionConfigurationPlatforms) = preSolution
		Debug|Any CPU = Debug|Any CPU
		Release|Any CPU = Release|Any CPU
	EndGlobalSection
	GlobalSection(ProjectConfigurationPlatforms) = postSolution
		{1D5CCC30-BC1E-40AB-BAB3-1B312AB2B203}.Debug|Any CPU.ActiveCfg = Debug|Any CPU
		{1D5CCC30-BC1E-40AB-BAB3-1B312AB2B203}.Debug|Any CPU.Build.0 = Debug|Any CPU
		{1D5CCC30-BC1E-40AB-BAB3-1B312AB2B203}.Release|Any CPU.ActiveCfg = Release|Any CPU
		{1D5CCC30-BC1E-40AB-BAB3-1B312AB2B203}.Release|Any CPU.Build.0 = Release|Any CPU
	EndGlobalSection
	GlobalSection(SolutionProperties) = preSolution
		HideSolutionNode = FALSE
	EndGlobalSection
	GlobalSection(ExtensibilityGlobals) = postSolution
		SolutionGuid = {99C49BB5-EF8D-48FF-AEF7-6B038B9A9D34}
	EndGlobalSection
EndGlobal
